
Microsoft Visual Studio Solution File, Format Version 12.00
# Visual Studio Version 17
VisualStudioVersion = 17.2.32519.379
MinimumVisualStudioVersion = 10.0.40219.1
Project("{8BC9CEB8-8B4A-11D0-8D11-00A0C91BC942}") = "Задача 3 Вывод структур", "Задача 3 Вывод структур.vcxproj", "{09639724-8C0C-450E-AE30-72120F6E68D7}"
EndProject
Global
	GlobalSection(SolutionConfigurationPlatforms) = preSolution
		Debug|x64 = Debug|x64
		Debug|x86 = Debug|x86
		Release|x64 = Release|x64
		Release|x86 = Release|x86
	EndGlobalSection
	GlobalSection(ProjectConfigurationPlatforms) = postSolution
		{09639724-8C0C-450E-AE30-72120F6E68D7}.Debug|x64.ActiveCfg = Debug|x64
		{09639724-8C0C-450E-AE30-72120F6E68D7}.Debug|x64.Build.0 = Debug|x64
		{09639724-8C0C-450E-AE30-72120F6E68D7}.Debug|x86.ActiveCfg = Debug|Win32
		{09639724-8C0C-450E-AE30-72120F6E68D7}.Debug|x86.Build.0 = Debug|Win32
		{09639724-8C0C-450E-AE30-72120F6E68D7}.Release|x64.ActiveCfg = Release|x64
		{09639724-8C0C-450E-AE30-72120F6E68D7}.Release|x64.Build.0 = Release|x64
		{09639724-8C0C-450E-AE30-72120F6E68D7}.Release|x86.ActiveCfg = Release|Win32
		{09639724-8C0C-450E-AE30-72120F6E68D7}.Release|x86.Build.0 = Release|Win32
	EndGlobalSection
	GlobalSection(SolutionProperties) = preSolution
		HideSolutionNode = FALSE
	EndGlobalSection
	GlobalSection(ExtensibilityGlobals) = postSolution
		SolutionGuid = {D948444D-840E-4477-B7ED-8AE95CC9BB55}
	EndGlobalSection
EndGlobal
